
Microsoft Visual Studio Solution File, Format Version 12.00
# Visual Studio Express 2012 for Web
Project("{FAE04EC0-301F-11D3-BF4B-00C04F79EFBC}") = "Perfin.Model", "Perfin.Model\Perfin.Model.csproj", "{6DEB23E3-31A3-463F-AF28-AEAB391281B6}"
EndProject
Project("{FAE04EC0-301F-11D3-BF4B-00C04F79EFBC}") = "Perfin.Test", "Perfin.Test\Perfin.Test.csproj", "{BDB0256C-A824-4E3D-9DC1-E00F322B2434}"
EndProject
Project("{FAE04EC0-301F-11D3-BF4B-00C04F79EFBC}") = "Perfin.Data", "Perfin.Data\Perfin.Data.csproj", "{9CA32C62-0E5C-4A3E-9446-E7E0445897A4}"
EndProject
Project("{FAE04EC0-301F-11D3-BF4B-00C04F79EFBC}") = "Perfin.Data.Contract", "Perfin.Data.Contract\Perfin.Data.Contract.csproj", "{EB9DA9FC-19E0-4AE1-B905-CC4477BFFEB6}"
EndProject
Project("{FAE04EC0-301F-11D3-BF4B-00C04F79EFBC}") = "Perfin.Common", "Perfin.Common\Perfin.Common.csproj", "{3301BA3C-44DF-463B-BE43-C3D38B55D38E}"
EndProject
Project("{FAE04EC0-301F-11D3-BF4B-00C04F79EFBC}") = "Perfin.Service", "Perfin.Service\Perfin.Service.csproj", "{59A6321B-BF10-488D-ADD8-6FF94C62024D}"
EndProject
Project("{FAE04EC0-301F-11D3-BF4B-00C04F79EFBC}") = "Perfin.Service.Contract", "Perfin.Service.Contract\Perfin.Service.Contract.csproj", "{F56901E7-288C-4951-BEB2-6131AD60E4EB}"
EndProject
Project("{2150E333-8FDC-42A3-9474-1A3956D46DE8}") = ".nuget", ".nuget", "{3C2254D0-A587-4161-B887-AE0AABE39911}"
	ProjectSection(SolutionItems) = preProject
		.nuget\NuGet.Config = .nuget\NuGet.Config
		.nuget\NuGet.exe = .nuget\NuGet.exe
		.nuget\NuGet.targets = .nuget\NuGet.targets
	EndProjectSection
EndProject
Project("{FAE04EC0-301F-11D3-BF4B-00C04F79EFBC}") = "Perfin.UI.Web", "Perfin.UI.Web\Perfin.UI.Web.csproj", "{86D7315F-E0BF-4806-B934-EB440C4FEF18}"
EndProject
Project("{2150E333-8FDC-42A3-9474-1A3956D46DE8}") = "Scripts.Database", "Scripts.Database", "{715FB676-3DC2-4D7E-8948-1C2CF5B2DC89}"
	ProjectSection(SolutionItems) = preProject
		Scripts.Database\Create-DB-MySql.sql = Scripts.Database\Create-DB-MySql.sql
		Feed-DB-MySql.sql = Feed-DB-MySql.sql
	EndProjectSection
EndProject
Global
	GlobalSection(SolutionConfigurationPlatforms) = preSolution
		Debug|Any CPU = Debug|Any CPU
		Release|Any CPU = Release|Any CPU
	EndGlobalSection
	GlobalSection(ProjectConfigurationPlatforms) = postSolution
		{6DEB23E3-31A3-463F-AF28-AEAB391281B6}.Debug|Any CPU.ActiveCfg = Debug|Any CPU
		{6DEB23E3-31A3-463F-AF28-AEAB391281B6}.Debug|Any CPU.Build.0 = Debug|Any CPU
		{6DEB23E3-31A3-463F-AF28-AEAB391281B6}.Release|Any CPU.ActiveCfg = Release|Any CPU
		{6DEB23E3-31A3-463F-AF28-AEAB391281B6}.Release|Any CPU.Build.0 = Release|Any CPU
		{BDB0256C-A824-4E3D-9DC1-E00F322B2434}.Debug|Any CPU.ActiveCfg = Debug|Any CPU
		{BDB0256C-A824-4E3D-9DC1-E00F322B2434}.Debug|Any CPU.Build.0 = Debug|Any CPU
		{BDB0256C-A824-4E3D-9DC1-E00F322B2434}.Release|Any CPU.ActiveCfg = Release|Any CPU
		{BDB0256C-A824-4E3D-9DC1-E00F322B2434}.Release|Any CPU.Build.0 = Release|Any CPU
		{9CA32C62-0E5C-4A3E-9446-E7E0445897A4}.Debug|Any CPU.ActiveCfg = Debug|Any CPU
		{9CA32C62-0E5C-4A3E-9446-E7E0445897A4}.Debug|Any CPU.Build.0 = Debug|Any CPU
		{9CA32C62-0E5C-4A3E-9446-E7E0445897A4}.Release|Any CPU.ActiveCfg = Release|Any CPU
		{9CA32C62-0E5C-4A3E-9446-E7E0445897A4}.Release|Any CPU.Build.0 = Release|Any CPU
		{EB9DA9FC-19E0-4AE1-B905-CC4477BFFEB6}.Debug|Any CPU.ActiveCfg = Debug|Any CPU
		{EB9DA9FC-19E0-4AE1-B905-CC4477BFFEB6}.Debug|Any CPU.Build.0 = Debug|Any CPU
		{EB9DA9FC-19E0-4AE1-B905-CC4477BFFEB6}.Release|Any CPU.ActiveCfg = Release|Any CPU
		{EB9DA9FC-19E0-4AE1-B905-CC4477BFFEB6}.Release|Any CPU.Build.0 = Release|Any CPU
		{3301BA3C-44DF-463B-BE43-C3D38B55D38E}.Debug|Any CPU.ActiveCfg = Debug|Any CPU
		{3301BA3C-44DF-463B-BE43-C3D38B55D38E}.Debug|Any CPU.Build.0 = Debug|Any CPU
		{3301BA3C-44DF-463B-BE43-C3D38B55D38E}.Release|Any CPU.ActiveCfg = Release|Any CPU
		{3301BA3C-44DF-463B-BE43-C3D38B55D38E}.Release|Any CPU.Build.0 = Release|Any CPU
		{59A6321B-BF10-488D-ADD8-6FF94C62024D}.Debug|Any CPU.ActiveCfg = Debug|Any CPU
		{59A6321B-BF10-488D-ADD8-6FF94C62024D}.Debug|Any CPU.Build.0 = Debug|Any CPU
		{59A6321B-BF10-488D-ADD8-6FF94C62024D}.Release|Any CPU.ActiveCfg = Release|Any CPU
		{59A6321B-BF10-488D-ADD8-6FF94C62024D}.Release|Any CPU.Build.0 = Release|Any CPU
		{F56901E7-288C-4951-BEB2-6131AD60E4EB}.Debug|Any CPU.ActiveCfg = Debug|Any CPU
		{F56901E7-288C-4951-BEB2-6131AD60E4EB}.Debug|Any CPU.Build.0 = Debug|Any CPU
		{F56901E7-288C-4951-BEB2-6131AD60E4EB}.Release|Any CPU.ActiveCfg = Release|Any CPU
		{F56901E7-288C-4951-BEB2-6131AD60E4EB}.Release|Any CPU.Build.0 = Release|Any CPU
		{86D7315F-E0BF-4806-B934-EB440C4FEF18}.Debug|Any CPU.ActiveCfg = Debug|Any CPU
		{86D7315F-E0BF-4806-B934-EB440C4FEF18}.Debug|Any CPU.Build.0 = Debug|Any CPU
		{86D7315F-E0BF-4806-B934-EB440C4FEF18}.Release|Any CPU.ActiveCfg = Release|Any CPU
		{86D7315F-E0BF-4806-B934-EB440C4FEF18}.Release|Any CPU.Build.0 = Release|Any CPU
	EndGlobalSection
	GlobalSection(SolutionProperties) = preSolution
		HideSolutionNode = FALSE
	EndGlobalSection
EndGlobal
