
Microsoft Visual Studio Solution File, Format Version 12.00
# Visual Studio 2012
Project("{FAE04EC0-301F-11D3-BF4B-00C04F79EFBC}") = "Perfin.Models", "Perfin.Models\Perfin.Models.csproj", "{6DEB23E3-31A3-463F-AF28-AEAB391281B6}"
EndProject
Project("{FAE04EC0-301F-11D3-BF4B-00C04F79EFBC}") = "Perfin.Models.Test", "Perfin.Models.Test\Perfin.Models.Test.csproj", "{31232E70-2FC4-4019-8EC0-8788ED2D7947}"
EndProject
Global
	GlobalSection(SolutionConfigurationPlatforms) = preSolution
		Debug|Any CPU = Debug|Any CPU
		Release|Any CPU = Release|Any CPU
	EndGlobalSection
	GlobalSection(ProjectConfigurationPlatforms) = postSolution
		{6DEB23E3-31A3-463F-AF28-AEAB391281B6}.Debug|Any CPU.ActiveCfg = Debug|Any CPU
		{6DEB23E3-31A3-463F-AF28-AEAB391281B6}.Debug|Any CPU.Build.0 = Debug|Any CPU
		{6DEB23E3-31A3-463F-AF28-AEAB391281B6}.Release|Any CPU.ActiveCfg = Release|Any CPU
		{6DEB23E3-31A3-463F-AF28-AEAB391281B6}.Release|Any CPU.Build.0 = Release|Any CPU
		{31232E70-2FC4-4019-8EC0-8788ED2D7947}.Debug|Any CPU.ActiveCfg = Debug|Any CPU
		{31232E70-2FC4-4019-8EC0-8788ED2D7947}.Debug|Any CPU.Build.0 = Debug|Any CPU
		{31232E70-2FC4-4019-8EC0-8788ED2D7947}.Release|Any CPU.ActiveCfg = Release|Any CPU
		{31232E70-2FC4-4019-8EC0-8788ED2D7947}.Release|Any CPU.Build.0 = Release|Any CPU
	EndGlobalSection
	GlobalSection(SolutionProperties) = preSolution
		HideSolutionNode = FALSE
	EndGlobalSection
EndGlobal
