
Microsoft Visual Studio Solution File, Format Version 12.00
# Visual Studio 2012
Project("{FAE04EC0-301F-11D3-BF4B-00C04F79EFBC}") = "Perfin.Model", "Perfin.Model\Perfin.Model.csproj", "{6DEB23E3-31A3-463F-AF28-AEAB391281B6}"
EndProject
Project("{FAE04EC0-301F-11D3-BF4B-00C04F79EFBC}") = "Perfin.Test", "Perfin.Test\Perfin.Test.csproj", "{BDB0256C-A824-4E3D-9DC1-E00F322B2434}"
EndProject
Project("{FAE04EC0-301F-11D3-BF4B-00C04F79EFBC}") = "Perfin.Data", "Perfin.Data\Perfin.Data.csproj", "{9CA32C62-0E5C-4A3E-9446-E7E0445897A4}"
EndProject
Project("{FAE04EC0-301F-11D3-BF4B-00C04F79EFBC}") = "Perfin.Data.Contract", "Perfin.Data.Contract\Perfin.Data.Contract.csproj", "{EB9DA9FC-19E0-4AE1-B905-CC4477BFFEB6}"
EndProject
Global
	GlobalSection(SolutionConfigurationPlatforms) = preSolution
		Debug|Any CPU = Debug|Any CPU
		Release|Any CPU = Release|Any CPU
	EndGlobalSection
	GlobalSection(ProjectConfigurationPlatforms) = postSolution
		{6DEB23E3-31A3-463F-AF28-AEAB391281B6}.Debug|Any CPU.ActiveCfg = Debug|Any CPU
		{6DEB23E3-31A3-463F-AF28-AEAB391281B6}.Debug|Any CPU.Build.0 = Debug|Any CPU
		{6DEB23E3-31A3-463F-AF28-AEAB391281B6}.Release|Any CPU.ActiveCfg = Release|Any CPU
		{6DEB23E3-31A3-463F-AF28-AEAB391281B6}.Release|Any CPU.Build.0 = Release|Any CPU
		{BDB0256C-A824-4E3D-9DC1-E00F322B2434}.Debug|Any CPU.ActiveCfg = Debug|Any CPU
		{BDB0256C-A824-4E3D-9DC1-E00F322B2434}.Debug|Any CPU.Build.0 = Debug|Any CPU
		{BDB0256C-A824-4E3D-9DC1-E00F322B2434}.Release|Any CPU.ActiveCfg = Release|Any CPU
		{BDB0256C-A824-4E3D-9DC1-E00F322B2434}.Release|Any CPU.Build.0 = Release|Any CPU
		{9CA32C62-0E5C-4A3E-9446-E7E0445897A4}.Debug|Any CPU.ActiveCfg = Debug|Any CPU
		{9CA32C62-0E5C-4A3E-9446-E7E0445897A4}.Debug|Any CPU.Build.0 = Debug|Any CPU
		{9CA32C62-0E5C-4A3E-9446-E7E0445897A4}.Release|Any CPU.ActiveCfg = Release|Any CPU
		{9CA32C62-0E5C-4A3E-9446-E7E0445897A4}.Release|Any CPU.Build.0 = Release|Any CPU
		{EB9DA9FC-19E0-4AE1-B905-CC4477BFFEB6}.Debug|Any CPU.ActiveCfg = Debug|Any CPU
		{EB9DA9FC-19E0-4AE1-B905-CC4477BFFEB6}.Debug|Any CPU.Build.0 = Debug|Any CPU
		{EB9DA9FC-19E0-4AE1-B905-CC4477BFFEB6}.Release|Any CPU.ActiveCfg = Release|Any CPU
		{EB9DA9FC-19E0-4AE1-B905-CC4477BFFEB6}.Release|Any CPU.Build.0 = Release|Any CPU
	EndGlobalSection
	GlobalSection(SolutionProperties) = preSolution
		HideSolutionNode = FALSE
	EndGlobalSection
EndGlobal
